
Microsoft Visual Studio Solution File, Format Version 12.00
# Visual Studio Version 17
VisualStudioVersion = 17.2.32210.308
MinimumVisualStudioVersion = 10.0.40219.1
Project("{FAE04EC0-301F-11D3-BF4B-00C04F79EFBC}") = "MatchGame", "MatchGame\MatchGame.csproj", "{610C4B99-FCD5-4855-861F-AB1379A7ABE6}"
EndProject
Global
	GlobalSection(SolutionConfigurationPlatforms) = preSolution
		Debug|Any CPU = Debug|Any CPU
		Release|Any CPU = Release|Any CPU
	EndGlobalSection
	GlobalSection(ProjectConfigurationPlatforms) = postSolution
		{610C4B99-FCD5-4855-861F-AB1379A7ABE6}.Debug|Any CPU.ActiveCfg = Debug|Any CPU
		{610C4B99-FCD5-4855-861F-AB1379A7ABE6}.Debug|Any CPU.Build.0 = Debug|Any CPU
		{610C4B99-FCD5-4855-861F-AB1379A7ABE6}.Release|Any CPU.ActiveCfg = Release|Any CPU
		{610C4B99-FCD5-4855-861F-AB1379A7ABE6}.Release|Any CPU.Build.0 = Release|Any CPU
	EndGlobalSection
	GlobalSection(SolutionProperties) = preSolution
		HideSolutionNode = FALSE
	EndGlobalSection
	GlobalSection(ExtensibilityGlobals) = postSolution
		SolutionGuid = {91468525-2932-49C2-9774-92C5D6DA6D9C}
	EndGlobalSection
EndGlobal
